{
  "lockfile_version": "1",
  "packages": {
    "gawk@latest": {
      "last_modified": "2026-03-21T07:29:51Z",
      "resolved": "github:NixOS/nixpkgs/09061f748ee21f68a089cd5d91ec1859cd93d0be#gawk",
      "source": "devbox-search",
      "version": "5.3.2",
      "systems": {
        "aarch64-darwin": {
          "outputs": [
            {
              "name": "out",
              "path": "/nix/store/bvrbfzyimpjxwn679252bhbbccnb43nr-gawk-5.3.2",
              "default": true
            },
            {
              "name": "man",
              "path": "/nix/store/xkhjp3qf8qq1pfac021y5llg7576wljk-gawk-5.3.2-man",
              "default": true
            },
            {
              "name": "info",
              "path": "/nix/store/mf63v415741ffpn5fh9hs6vxzhas3h8v-gawk-5.3.2-info"
            }
          ],
          "store_path": "/nix/store/bvrbfzyimpjxwn679252bhbbccnb43nr-gawk-5.3.2"
        },
        "aarch64-linux": {
          "outputs": [
            {
              "name": "out",
              "path": "/nix/store/rzgfpccg7p882144kakc4b4mxv95zg3q-gawk-5.3.2",
              "default": true
            },
            {
              "name": "man",
              "path": "/nix/store/dgfmhcqbvnlfx2fs9w3w5dalmnr6djsz-gawk-5.3.2-man",
              "default": true
            },
            {
              "name": "info",
              "path": "/nix/store/y1l0b56ssf461yis5qrf5zk1733cm0yv-gawk-5.3.2-info"
            }
          ],
          "store_path": "/nix/store/rzgfpccg7p882144kakc4b4mxv95zg3q-gawk-5.3.2"
        },
        "x86_64-darwin": {
          "outputs": [
            {
              "name": "out",
              "path": "/nix/store/i2lrb46rndpc2wdja6769xlfxhx05kw9-gawk-5.3.2",
              "default": true
            },
            {
              "name": "man",
              "path": "/nix/store/qlj30dbgp6xb9nn87yran3dj0znf1a2l-gawk-5.3.2-man",
              "default": true
            },
            {
              "name": "info",
              "path": "/nix/store/y2vvv0aw2413ndgm1qqcnrzx91cznv5h-gawk-5.3.2-info"
            }
          ],
          "store_path": "/nix/store/i2lrb46rndpc2wdja6769xlfxhx05kw9-gawk-5.3.2"
        },
        "x86_64-linux": {
          "outputs": [
            {
              "name": "out",
              "path": "/nix/store/gg169kyil5vhsg5aqcpagyhs8fwl0r5r-gawk-5.3.2",
              "default": true
            },
            {
              "name": "man",
              "path": "/nix/store/jz0rb4ic9i9adr2ink52mxkn0wqv9qjc-gawk-5.3.2-man",
              "default": true
            },
            {
              "name": "info",
              "path": "/nix/store/3ki6zkzkq6fs2igixc8z4mjwrbm9k9dj-gawk-5.3.2-info"
            }
          ],
          "store_path": "/nix/store/gg169kyil5vhsg5aqcpagyhs8fwl0r5r-gawk-5.3.2"
        }
      }
    },
    "gettext@latest": {
      "last_modified": "2026-03-21T07:29:51Z",
      "resolved": "github:NixOS/nixpkgs/09061f748ee21f68a089cd5d91ec1859cd93d0be#gettext",
      "source": "devbox-search",
      "version": "0.26",
      "systems": {
        "aarch64-darwin": {
          "outputs": [
            {
              "name": "out",
              "path": "/nix/store/7i9kfic8hjkdfymlvbl4c0ch0bf1cqz5-gettext-0.26",
              "default": true
            },
            {
              "name": "man",
              "path": "/nix/store/4z5s05ii4qlcl9aaiijrm9n8c8i6k3vs-gettext-0.26-man",
              "default": true
            },
            {
              "name": "doc",
              "path": "/nix/store/4rx60nvvr5v29p75mzgxxwhmdy68ac2w-gettext-0.26-doc"
            },
            {
              "name": "info",
              "path": "/nix/store/mmfhjlxr9x3dxxja0wzw38nas4wddczw-gettext-0.26-info"
            }
          ],
          "store_path": "/nix/store/7i9kfic8hjkdfymlvbl4c0ch0bf1cqz5-gettext-0.26"
        },
        "aarch64-linux": {
          "outputs": [
            {
              "name": "out",
              "path": "/nix/store/bfwjdywhm2ml4qdd97i0chwz4z4v1f8r-gettext-0.26",
              "default": true
            },
            {
              "name": "man",
              "path": "/nix/store/fwy71wr17jh20qmymjnj8k1lgck6x916-gettext-0.26-man",
              "default": true
            },
            {
              "name": "doc",
              "path": "/nix/store/hihbi78vxgxfybm1plwbnwqx8aysd2vd-gettext-0.26-doc"
            },
            {
              "name": "info",
              "path": "/nix/store/1d5iiavzq4v36607xp1f0k7bl971rzar-gettext-0.26-info"
            }
          ],
          "store_path": "/nix/store/bfwjdywhm2ml4qdd97i0chwz4z4v1f8r-gettext-0.26"
        },
        "x86_64-darwin": {
          "outputs": [
            {
              "name": "out",
              "path": "/nix/store/sjyyfm5pvym84pc1mbpbvzj752lkmn8f-gettext-0.26",
              "default": true
            },
            {
              "name": "man",
              "path": "/nix/store/nb1wwp41x2ipj8w6n46njlpmh51cjc0p-gettext-0.26-man",
              "default": true
            },
            {
              "name": "doc",
              "path": "/nix/store/9rcgq5ym41jvjrvpfdaf9m6adsjc469q-gettext-0.26-doc"
            },
            {
              "name": "info",
              "path": "/nix/store/app964qmfbn1nyqxnbnv8w6d0g80v5l3-gettext-0.26-info"
            }
          ],
          "store_path": "/nix/store/sjyyfm5pvym84pc1mbpbvzj752lkmn8f-gettext-0.26"
        },
        "x86_64-linux": {
          "outputs": [
            {
              "name": "out",
              "path": "/nix/store/kfci1gnn12ip5xy492m0hd10hmgyxr6x-gettext-0.26",
              "default": true
            },
            {
              "name": "man",
              "path": "/nix/store/7r934iba45in3dchfly8lyi4nmamr6bw-gettext-0.26-man",
              "default": true
            },
            {
              "name": "doc",
              "path": "/nix/store/x0x77xaaj2hk7hhic79c0yj2nspnmi56-gettext-0.26-doc"
            },
            {
              "name": "info",
              "path": "/nix/store/g8p97wavhjzbv2bi1mqynil0vz3dc1g7-gettext-0.26-info"
            }
          ],
          "store_path": "/nix/store/kfci1gnn12ip5xy492m0hd10hmgyxr6x-gettext-0.26"
        }
      }
    },
    "github:NixOS/nixpkgs/nixpkgs-unstable": {
      "last_modified": "2026-03-23T13:48:00Z",
      "resolved": "github:NixOS/nixpkgs/fdc7b8f7b30fdbedec91b71ed82f36e1637483ed?lastModified=1774273680&narHash=sha256-a%2B%2BtZ1RQsDb1I0NHrFwdGuRlR5TORvCEUksM459wKUA%3D"
    },
    "nginx": {
      "plugin_version": "0.0.4",
      "resolved": "github:NixOS/nixpkgs/fdc7b8f7b30fdbedec91b71ed82f36e1637483ed?narHash=sha256-a%2B%2BtZ1RQsDb1I0NHrFwdGuRlR5TORvCEUksM459wKUA%3D#nginx",
      "source": "nixpkg"
    },
    "php@7.4": {
      "last_modified": "2022-06-09T23:02:28Z",
      "plugin_version": "0.0.3",
      "resolved": "github:NixOS/nixpkgs/99fcf0ee74957231ff0471228e9a59f976a0266b#php74",
      "source": "devbox-search",
      "version": "7.4.29",
      "systems": {
        "aarch64-darwin": {
          "outputs": [
            {
              "name": "out",
              "path": "/nix/store/p06m3r8qc8w2l4hv3vq0642yxgxpcg2c-php-with-extensions-7.4.29",
              "default": true
            }
          ],
          "store_path": "/nix/store/p06m3r8qc8w2l4hv3vq0642yxgxpcg2c-php-with-extensions-7.4.29"
        },
        "aarch64-linux": {
          "outputs": [
            {
              "name": "out",
              "path": "/nix/store/1m976qsswziaj1vrr3p8xprh73j8snsi-php-with-extensions-7.4.29",
              "default": true
            }
          ],
          "store_path": "/nix/store/1m976qsswziaj1vrr3p8xprh73j8snsi-php-with-extensions-7.4.29"
        },
        "x86_64-darwin": {
          "outputs": [
            {
              "name": "out",
              "path": "/nix/store/qxlqpk6skzjjxn0x0kbjn6npa19d0hil-php-with-extensions-7.4.29",
              "default": true
            }
          ],
          "store_path": "/nix/store/qxlqpk6skzjjxn0x0kbjn6npa19d0hil-php-with-extensions-7.4.29"
        }
      }
    }
  }
}
